{
  "name": "phenix-pi-runtime-dependencies",
  "version": "2.0.0",
  "lockfileVersion": 3,
  "requires": true,
  "packages": {
    "": {
      "name": "phenix-pi-runtime-dependencies",
      "version": "2.0.0",
      "dependencies": {
        "typebox": "1.1.24"
      }
    },
    "node_modules/typebox": {
      "version": "1.1.24",
      "resolved": "https://registry.npmjs.org/typebox/-/typebox-1.1.24.tgz",
      "integrity": "sha512-IGWOHx9UfqkEl7lNmA5417b80VY1NHNGdD5OgwEojHCKdsX1oj0lmgc6N6qEb0tUYzQBveIoccNwBen3IDIHwg==",
      "license": "MIT"
    }
  }
}
