{
  "nodes": {
    "flake-file": {
      "locked": {
        "lastModified": 1781217157,
        "narHash": "sha256-N3q/SP2Ropk336e9KSgLh7kpROY6P70dprYdbPIfd5c=",
        "owner": "vic",
        "repo": "flake-file",
        "rev": "ce63eaf7ebfe04a176653f66385a7f0a36380cee",
        "type": "github"
      },
      "original": {
        "owner": "vic",
        "repo": "flake-file",
        "type": "github"
      }
    },
    "flake-parts": {
      "inputs": {
        "nixpkgs-lib": "nixpkgs-lib"
      },
      "locked": {
        "lastModified": 1782949081,
        "narHash": "sha256-vp6Y/Grm98ESt6ceOkWiHWyZRDV3J1RID4w+6NWK9yA=",
        "owner": "hercules-ci",
        "repo": "flake-parts",
        "rev": "17c9d6cdfc60c64f4ee8d306f9bc0b4ccb51481e",
        "type": "github"
      },
      "original": {
        "owner": "hercules-ci",
        "repo": "flake-parts",
        "type": "github"
      }
    },
    "home-manager": {
      "inputs": {
        "nixpkgs": [
          "phenix-pins",
          "nixpkgs"
        ]
      },
      "locked": {
        "lastModified": 1783711151,
        "narHash": "sha256-232L3Nku2nLch/TQHsJEIhiZJKr+VTehnVUs1NZ0SNc=",
        "owner": "nix-community",
        "repo": "home-manager",
        "rev": "f938277527aa084929261879d50d9832b9eab6d3",
        "type": "github"
      },
      "original": {
        "owner": "nix-community",
        "repo": "home-manager",
        "type": "github"
      }
    },
    "import-tree": {
      "locked": {
        "lastModified": 1778781969,
        "narHash": "sha256-Jjuz5CmSkur8KvLDoGa+vylEp+RkQtv4mt/qcMznpH0=",
        "owner": "vic",
        "repo": "import-tree",
        "rev": "d321337efd0f23a9eb14a42adb7b2c29313ab274",
        "type": "github"
      },
      "original": {
        "owner": "vic",
        "repo": "import-tree",
        "type": "github"
      }
    },
    "nixpkgs": {
      "locked": {
        "lastModified": 1783522502,
        "narHash": "sha256-iffAls3iaNTyJC2faYcUXSI+Gp02cDjYl+MygxKl2GI=",
        "owner": "NixOS",
        "repo": "nixpkgs",
        "rev": "0bb7ec54c8483066ec9d7720e780a5caa71f8612",
        "type": "github"
      },
      "original": {
        "owner": "NixOS",
        "ref": "nixos-unstable",
        "repo": "nixpkgs",
        "type": "github"
      }
    },
    "nixpkgs-lib": {
      "locked": {
        "lastModified": 1782614948,
        "narHash": "sha256-ePjCwr1sNm9NYUqywL7QfK3JnlS015msC+eBu2zKlp8=",
        "owner": "nix-community",
        "repo": "nixpkgs.lib",
        "rev": "db3f255737b94216eb71cce308e2912cf6bc2d7c",
        "type": "github"
      },
      "original": {
        "owner": "nix-community",
        "repo": "nixpkgs.lib",
        "type": "github"
      }
    },
    "nixpkgs-stable": {
      "locked": {
        "lastModified": 1751274312,
        "narHash": "sha256-/bVBlRpECLVzjV19t5KMdMFWSwKLtb5RyXdjz3LJT+g=",
        "owner": "NixOS",
        "repo": "nixpkgs",
        "rev": "50ab793786d9de88ee30ec4e4c24fb4236fc2674",
        "type": "github"
      },
      "original": {
        "owner": "NixOS",
        "ref": "nixos-24.11",
        "repo": "nixpkgs",
        "type": "github"
      }
    },
    "nixpkgs-unstable": {
      "locked": {
        "lastModified": 1783522502,
        "narHash": "sha256-iffAls3iaNTyJC2faYcUXSI+Gp02cDjYl+MygxKl2GI=",
        "owner": "NixOS",
        "repo": "nixpkgs",
        "rev": "0bb7ec54c8483066ec9d7720e780a5caa71f8612",
        "type": "github"
      },
      "original": {
        "owner": "NixOS",
        "ref": "nixos-unstable",
        "repo": "nixpkgs",
        "type": "github"
      }
    },
    "phenix-pins": {
      "inputs": {
        "flake-file": "flake-file",
        "flake-parts": "flake-parts",
        "home-manager": "home-manager",
        "import-tree": "import-tree",
        "nixpkgs": "nixpkgs",
        "nixpkgs-stable": "nixpkgs-stable",
        "nixpkgs-unstable": "nixpkgs-unstable",
        "sops-nix": "sops-nix"
      },
      "locked": {
        "lastModified": 1783719323,
        "narHash": "sha256-WfiMo5ts0UevI2IHKz9nMvlwESMqRfqTXIpoI9z2+gg=",
        "owner": "matthis-k",
        "repo": "phenix-pins",
        "rev": "3037118cef913029e66b7f547d8f1724dfbc4846",
        "type": "github"
      },
      "original": {
        "owner": "matthis-k",
        "repo": "phenix-pins",
        "type": "github"
      }
    },
    "pi-context-tools": {
      "flake": false,
      "locked": {
        "lastModified": 1778757473,
        "narHash": "sha256-eQhHDTCd3Rtg9YMWkOjcZbd/gH0OLt88K4sdDLeh3p4=",
        "owner": "theduke",
        "repo": "pi-context-tools",
        "rev": "d565066e1b7ebe8556d23437abd4532bd5ae12bd",
        "type": "github"
      },
      "original": {
        "owner": "theduke",
        "repo": "pi-context-tools",
        "type": "github"
      }
    },
    "pi-hypa": {
      "flake": false,
      "locked": {
        "lastModified": 1783666841,
        "narHash": "sha256-jw5O2GIgYA/xey2PcL0CCjv/lOv3skSrMnf32EN35KE=",
        "owner": "Hypabolic",
        "repo": "Hypa",
        "rev": "8aa4a8429553fe417e41a69ed3a27242abf49861",
        "type": "github"
      },
      "original": {
        "owner": "Hypabolic",
        "repo": "Hypa",
        "type": "github"
      }
    },
    "pi-mcp-adapter": {
      "flake": false,
      "locked": {
        "lastModified": 1783097853,
        "narHash": "sha256-JjYS9tPSoVuubdmHTqTNNYfDJOc9CBPvVbIxvdJWi7M=",
        "owner": "nicobailon",
        "repo": "pi-mcp-adapter",
        "rev": "82724dccc13a49310530898f922bafff12b7f3fe",
        "type": "github"
      },
      "original": {
        "owner": "nicobailon",
        "repo": "pi-mcp-adapter",
        "type": "github"
      }
    },
    "pi-reduce": {
      "flake": false,
      "locked": {
        "lastModified": 1778689729,
        "narHash": "sha256-wB4+gD3ZVWRk80I9xZ2V7iUcK7kpO2u6fmCnNH8XVxY=",
        "owner": "toorusr",
        "repo": "pi-reduce",
        "rev": "c1ede6d6cc08d01d1e254784d19aa0dcaad77317",
        "type": "github"
      },
      "original": {
        "owner": "toorusr",
        "repo": "pi-reduce",
        "type": "github"
      }
    },
    "pi-subagents": {
      "flake": false,
      "locked": {
        "lastModified": 1783645684,
        "narHash": "sha256-7QKPlmgLLMBcB8tmVAwbO+8jrF7RLOwgvGC41ZHY1Rs=",
        "owner": "nicobailon",
        "repo": "pi-subagents",
        "rev": "c940fe20e86d9ba429eebcac809ec79d478ef206",
        "type": "github"
      },
      "original": {
        "owner": "nicobailon",
        "repo": "pi-subagents",
        "type": "github"
      }
    },
    "pi-web-search": {
      "flake": false,
      "locked": {
        "lastModified": 1783617407,
        "narHash": "sha256-8LjSroVAnE3rabVv6/1zowEbqrUclcmFbgiEPr2RjJ4=",
        "owner": "ttttmr",
        "repo": "pi-web-search",
        "rev": "118b3eee3f5900cef3141745109a300315630592",
        "type": "github"
      },
      "original": {
        "owner": "ttttmr",
        "repo": "pi-web-search",
        "type": "github"
      }
    },
    "root": {
      "inputs": {
        "nixpkgs": [
          "phenix-pins",
          "nixpkgs"
        ],
        "phenix-pins": "phenix-pins",
        "pi-context-tools": "pi-context-tools",
        "pi-hypa": "pi-hypa",
        "pi-mcp-adapter": "pi-mcp-adapter",
        "pi-reduce": "pi-reduce",
        "pi-subagents": "pi-subagents",
        "pi-web-search": "pi-web-search",
        "rpiv-web-tools": "rpiv-web-tools"
      }
    },
    "rpiv-web-tools": {
      "flake": false,
      "locked": {
        "lastModified": 1783718541,
        "narHash": "sha256-1Du+N28oQhWtur7FcfmpeMMbZzEcVn6QL52KcXg8zrU=",
        "owner": "juicesharp",
        "repo": "rpiv-mono",
        "rev": "05aa1b038afbe62b516ab834b064f0e55e9e7598",
        "type": "github"
      },
      "original": {
        "owner": "juicesharp",
        "repo": "rpiv-mono",
        "type": "github"
      }
    },
    "sops-nix": {
      "inputs": {
        "nixpkgs": [
          "phenix-pins",
          "nixpkgs"
        ]
      },
      "locked": {
        "lastModified": 1783174389,
        "narHash": "sha256-aCWC8ngycU7OdJrU2+Je3qf+1a2ykuBvpPhZT/9tXMc=",
        "owner": "Mic92",
        "repo": "sops-nix",
        "rev": "f1406619a3884cd5c47992a70b8b35c9c0fcb4c9",
        "type": "github"
      },
      "original": {
        "owner": "Mic92",
        "repo": "sops-nix",
        "type": "github"
      }
    }
  },
  "root": "root",
  "version": 7
}
